<?xml version="1.0" encoding="utf-8"?>
<Project ToolsVersion="4.0" xmlns="http://schemas.microsoft.com/developer/msbuild/2003">
  <ItemGroup>
    <Filter Include="Source Files">
      <UniqueIdentifier>{4FC737F1-C7A5-4376-A066-2A32D752A2FF}</UniqueIdentifier>
      <Extensions>cpp;c;cc;cxx;def;odl;idl;hpj;bat;asm;asmx</Extensions>
    </Filter>
    <Filter Include="Header Files">
      <UniqueIdentifier>{93995380-89BD-4b04-88EB-625FBE52EBFB}</UniqueIdentifier>
      <Extensions>h;hh;hpp;hxx;hm;inl;inc;xsd</Extensions>
    </Filter>
    <Filter Include="Resource Files">
      <UniqueIdentifier>{67DA6AB6-F800-4c08-8B7A-83BB121AAD01}</UniqueIdentifier>
      <Extensions>rc;ico;cur;bmp;dlg;rc2;rct;bin;rgs;gif;jpg;jpeg;jpe;resx;tiff;tif;png;wav</Extensions>
    </Filter>
  </ItemGroup>
  <ItemGroup>
    <ClCompile Include="..\lithp++\main.cpp">
      <Filter>Source Files</Filter>
    </ClCompile>
    <ClCompile Include="..\lithp++\src\LithpAtom.cpp">
      <Filter>Source Files</Filter>
    </ClCompile>
    <ClCompile Include="..\lithp++\src\LithpDict.cpp">
      <Filter>Source Files</Filter>
    </ClCompile>
    <ClCompile Include="..\lithp++\src\LithpExceptions.cpp">
      <Filter>Source Files</Filter>
    </ClCompile>
    <ClCompile Include="..\lithp++\src\LithpInteger.cpp">
      <Filter>Source Files</Filter>
    </ClCompile>
    <ClCompile Include="..\lithp++\src\LithpList.cpp">
      <Filter>Source Files</Filter>
    </ClCompile>
    <ClCompile Include="..\lithp++\src\LithpPrimitive.cpp">
      <Filter>Source Files</Filter>
    </ClCompile>
    <ClCompile Include="..\lithp++\src\LithpString.cpp">
      <Filter>Source Files</Filter>
    </ClCompile>
  </ItemGroup>
  <ItemGroup>
    <None Include="..\lithp++\.dep.inc">
      <Filter>Header Files</Filter>
    </None>
  </ItemGroup>
  <ItemGroup>
    <ClInclude Include="..\lithp++\include\LithpAtom.h">
      <Filter>Header Files</Filter>
    </ClInclude>
    <ClInclude Include="..\lithp++\include\LithpDict.h">
      <Filter>Header Files</Filter>
    </ClInclude>
    <ClInclude Include="..\lithp++\include\LithpExceptions.h">
      <Filter>Header Files</Filter>
    </ClInclude>
    <ClInclude Include="..\lithp++\include\LithpInteger.h">
      <Filter>Header Files</Filter>
    </ClInclude>
    <ClInclude Include="..\lithp++\include\LithpList.h">
      <Filter>Header Files</Filter>
    </ClInclude>
    <ClInclude Include="..\lithp++\include\LithpPrimitive.h">
      <Filter>Header Files</Filter>
    </ClInclude>
    <ClInclude Include="..\lithp++\include\LithpString.h">
      <Filter>Header Files</Filter>
    </ClInclude>
  </ItemGroup>
</Project>